
Microsoft Visual Studio Solution File, Format Version 12.00
# Visual Studio Version 17
VisualStudioVersion = 17.1.32210.238
MinimumVisualStudioVersion = 10.0.40219.1
Project("{FAE04EC0-301F-11D3-BF4B-00C04F79EFBC}") = "GeekBurguer_Products_API", "GeekBurguer_Products_API\GeekBurguer_Products_API.csproj", "{203B05A2-B65E-4E2F-AD91-3945F4BBAD4A}"
EndProject
Project("{FAE04EC0-301F-11D3-BF4B-00C04F79EFBC}") = "GeekBurguer_Products_Contract", "GeekBurguer_Products_Contract\GeekBurguer_Products_Contract.csproj", "{444E13C0-25AB-400C-A7A4-35D8B6F90359}"
EndProject
Global
	GlobalSection(SolutionConfigurationPlatforms) = preSolution
		Debug|Any CPU = Debug|Any CPU
		Release|Any CPU = Release|Any CPU
	EndGlobalSection
	GlobalSection(ProjectConfigurationPlatforms) = postSolution
		{203B05A2-B65E-4E2F-AD91-3945F4BBAD4A}.Debug|Any CPU.ActiveCfg = Debug|Any CPU
		{203B05A2-B65E-4E2F-AD91-3945F4BBAD4A}.Debug|Any CPU.Build.0 = Debug|Any CPU
		{203B05A2-B65E-4E2F-AD91-3945F4BBAD4A}.Release|Any CPU.ActiveCfg = Release|Any CPU
		{203B05A2-B65E-4E2F-AD91-3945F4BBAD4A}.Release|Any CPU.Build.0 = Release|Any CPU
		{444E13C0-25AB-400C-A7A4-35D8B6F90359}.Debug|Any CPU.ActiveCfg = Debug|Any CPU
		{444E13C0-25AB-400C-A7A4-35D8B6F90359}.Debug|Any CPU.Build.0 = Debug|Any CPU
		{444E13C0-25AB-400C-A7A4-35D8B6F90359}.Release|Any CPU.ActiveCfg = Release|Any CPU
		{444E13C0-25AB-400C-A7A4-35D8B6F90359}.Release|Any CPU.Build.0 = Release|Any CPU
	EndGlobalSection
	GlobalSection(SolutionProperties) = preSolution
		HideSolutionNode = FALSE
	EndGlobalSection
	GlobalSection(ExtensibilityGlobals) = postSolution
		SolutionGuid = {07D8D268-149A-4CCD-9C3A-B66E33FC068C}
	EndGlobalSection
EndGlobal
